
Microsoft Visual Studio Solution File, Format Version 12.00
# Visual Studio 2013
VisualStudioVersion = 12.0.31101.0
MinimumVisualStudioVersion = 10.0.40219.1
Project("{FAE04EC0-301F-11D3-BF4B-00C04F79EFBC}") = "MyBlog", "MyBlog\MyBlog.csproj", "{29DBBFF6-9E78-4557-930C-9D86223DE6DA}"
EndProject
Project("{FAE04EC0-301F-11D3-BF4B-00C04F79EFBC}") = "MyBlog.Tests", "MyBlog.Tests\MyBlog.Tests.csproj", "{B242B135-DC2C-47E2-B42A-243E059995AD}"
EndProject
Global
	GlobalSection(SolutionConfigurationPlatforms) = preSolution
		Debug|Any CPU = Debug|Any CPU
		Release|Any CPU = Release|Any CPU
	EndGlobalSection
	GlobalSection(ProjectConfigurationPlatforms) = postSolution
		{29DBBFF6-9E78-4557-930C-9D86223DE6DA}.Debug|Any CPU.ActiveCfg = Debug|Any CPU
		{29DBBFF6-9E78-4557-930C-9D86223DE6DA}.Debug|Any CPU.Build.0 = Debug|Any CPU
		{29DBBFF6-9E78-4557-930C-9D86223DE6DA}.Release|Any CPU.ActiveCfg = Release|Any CPU
		{29DBBFF6-9E78-4557-930C-9D86223DE6DA}.Release|Any CPU.Build.0 = Release|Any CPU
		{B242B135-DC2C-47E2-B42A-243E059995AD}.Debug|Any CPU.ActiveCfg = Debug|Any CPU
		{B242B135-DC2C-47E2-B42A-243E059995AD}.Debug|Any CPU.Build.0 = Debug|Any CPU
		{B242B135-DC2C-47E2-B42A-243E059995AD}.Release|Any CPU.ActiveCfg = Release|Any CPU
		{B242B135-DC2C-47E2-B42A-243E059995AD}.Release|Any CPU.Build.0 = Release|Any CPU
	EndGlobalSection
	GlobalSection(SolutionProperties) = preSolution
		HideSolutionNode = FALSE
	EndGlobalSection
EndGlobal
